// !$*UTF8*$!
{
	archiveVersion = 1;
	classes = {
	};
	objectVersion = 50;
	objects = {

/* Begin PBXBuildFile section */
		795F4F442485827600555749 /* AppDelegate.swift in Sources */ = {isa = PBXBuildFile; fileRef = 795F4F432485827600555749 /* AppDelegate.swift */; };
		795F4F462485827600555749 /* SceneDelegate.swift in Sources */ = {isa = PBXBuildFile; fileRef = 795F4F452485827600555749 /* SceneDelegate.swift */; };
		795F4F482485827600555749 /* ViewController.swift in Sources */ = {isa = PBXBuildFile; fileRef = 795F4F472485827600555749 /* ViewController.swift */; };
		795F4F4B2485827600555749 /* Main.storyboard in Resources */ = {isa = PBXBuildFile; fileRef = 795F4F492485827600555749 /* Main.storyboard */; };
		795F4F4D2485827800555749 /* Assets.xcassets in Resources */ = {isa = PBXBuildFile; fileRef = 795F4F4C2485827800555749 /* Assets.xcassets */; };
		795F4F502485827800555749 /* LaunchScreen.storyboard in Resources */ = {isa = PBXBuildFile; fileRef = 795F4F4E2485827800555749 /* LaunchScreen.storyboard */; };
		79C63194248597DC00C857F3 /* WebKitViewController.swift in Sources */ = {isa = PBXBuildFile; fileRef = 79C63193248597DC00C857F3 /* WebKitViewController.swift */; };
		79C631972485ACBC00C857F3 /* WebKit.framework in Frameworks */ = {isa = PBXBuildFile; fileRef = 79C631962485ACBC00C857F3 /* WebKit.framework */; };
/* End PBXBuildFile section */

/* Begin PBXFileReference section */
		795F4F402485827600555749 /* WikiWebKIT.app */ = {isa = PBXFileReference; explicitFileType = wrapper.application; includeInIndex = 0; path = WikiWebKIT.app; sourceTree = BUILT_PRODUCTS_DIR; };
		795F4F432485827600555749 /* AppDelegate.swift */ = {isa = PBXFileReference; lastKnownFileType = sourcecode.swift; path = AppDelegate.swift; sourceTree = "<group>"; };
		795F4F452485827600555749 /* SceneDelegate.swift */ = {isa = PBXFileReference; lastKnownFileType = sourcecode.swift; path = SceneDelegate.swift; sourceTree = "<group>"; };
		795F4F472485827600555749 /* ViewController.swift */ = {isa = PBXFileReference; lastKnownFileType = sourcecode.swift; path = ViewController.swift; sourceTree = "<group>"; };
		795F4F4A2485827600555749 /* Base */ = {isa = PBXFileReference; lastKnownFileType = file.storyboard; name = Base; path = Base.lproj/Main.storyboard; sourceTree = "<group>"; };
		795F4F4C2485827800555749 /* Assets.xcassets */ = {isa = PBXFileReference; lastKnownFileType = folder.assetcatalog; path = Assets.xcassets; sourceTree = "<group>"; };
		795F4F4F2485827800555749 /* Base */ = {isa = PBXFileReference; lastKnownFileType = file.storyboard; name = Base; path = Base.lproj/LaunchScreen.storyboard; sourceTree = "<group>"; };
		795F4F512485827800555749 /* Info.plist */ = {isa = PBXFileReference; lastKnownFileType = text.plist.xml; path = Info.plist; sourceTree = "<group>"; };
		79C63193248597DC00C857F3 /* WebKitViewController.swift */ = {isa = PBXFileReference; lastKnownFileType = sourcecode.swift; path = WebKitViewController.swift; sourceTree = "<group>"; };
		79C631962485ACBC00C857F3 /* WebKit.framework */ = {isa = PBXFileReference; lastKnownFileType = wrapper.framework; name = WebKit.framework; path = System/Library/Frameworks/WebKit.framework; sourceTree = SDKROOT; };
/* End PBXFileReference section */

/* Begin PBXFrameworksBuildPhase section */
		795F4F3D2485827600555749 /* Frameworks */ = {
			isa = PBXFrameworksBuildPhase;
			buildActionMask = 2147483647;
			files = (
				79C631972485ACBC00C857F3 /* WebKit.framework in Frameworks */,
			);
			runOnlyForDeploymentPostprocessing = 0;
		};
/* End PBXFrameworksBuildPhase section */

/* Begin PBXGroup section */
		795F4F372485827600555749 = {
			isa = PBXGroup;
			children = (
				795F4F422485827600555749 /* WikiWebKIT */,
				795F4F412485827600555749 /* Products */,
				79C631952485ACBC00C857F3 /* Frameworks */,
			);
			sourceTree = "<group>";
		};
		795F4F412485827600555749 /* Products */ = {
			isa = PBXGroup;
			children = (
				795F4F402485827600555749 /* WikiWebKIT.app */,
			);
			name = Products;
			sourceTree = "<group>";
		};
		795F4F422485827600555749 /* WikiWebKIT */ = {
			isa = PBXGroup;
			children = (
				795F4F432485827600555749 /* AppDelegate.swift */,
				795F4F452485827600555749 /* SceneDelegate.swift */,
				79C631912485974100C857F3 /* Controllers */,
				79C631922485974F00C857F3 /* View */,
				795F4F4C2485827800555749 /* Assets.xcassets */,
				795F4F4E2485827800555749 /* LaunchScreen.storyboard */,
				795F4F512485827800555749 /* Info.plist */,
			);
			path = WikiWebKIT;
			sourceTree = "<group>";
		};
		79C631912485974100C857F3 /* Controllers */ = {
			isa = PBXGroup;
			children = (
				795F4F472485827600555749 /* ViewController.swift */,
				79C63193248597DC00C857F3 /* WebKitViewController.swift */,
			);
			path = Controllers;
			sourceTree = "<group>";
		};
		79C631922485974F00C857F3 /* View */ = {
			isa = PBXGroup;
			children = (
				795F4F492485827600555749 /* Main.storyboard */,
			);
			path = View;
			sourceTree = "<group>";
		};
		79C631952485ACBC00C857F3 /* Frameworks */ = {
			isa = PBXGroup;
			children = (
				79C631962485ACBC00C857F3 /* WebKit.framework */,
			);
			name = Frameworks;
			sourceTree = "<group>";
		};
/* End PBXGroup section */

/* Begin PBXNativeTarget section */
		795F4F3F2485827600555749 /* WikiWebKIT */ = {
			isa = PBXNativeTarget;
			buildConfigurationList = 795F4F542485827800555749 /* Build configuration list for PBXNativeTarget "WikiWebKIT" */;
			buildPhases = (
				795F4F3C2485827600555749 /* Sources */,
				795F4F3D2485827600555749 /* Frameworks */,
				795F4F3E2485827600555749 /* Resources */,
			);
			buildRules = (
			);
			dependencies = (
			);
			name = WikiWebKIT;
			productName = WikiWebKIT;
			productReference = 795F4F402485827600555749 /* WikiWebKIT.app */;
			productType = "com.apple.product-type.application";
		};
/* End PBXNativeTarget section */

/* Begin PBXProject section */
		795F4F382485827600555749 /* Project object */ = {
			isa = PBXProject;
			attributes = {
				LastSwiftUpdateCheck = 1140;
				LastUpgradeCheck = 1140;
				ORGANIZATIONNAME = "Temirlan Dzodziev";
				TargetAttributes = {
					795F4F3F2485827600555749 = {
						CreatedOnToolsVersion = 11.4.1;
					};
				};
			};
			buildConfigurationList = 795F4F3B2485827600555749 /* Build configuration list for PBXProject "WikiWebKIT" */;
			compatibilityVersion = "Xcode 9.3";
			developmentRegion = en;
			hasScannedForEncodings = 0;
			knownRegions = (
				en,
				Base,
			);
			mainGroup = 795F4F372485827600555749;
			productRefGroup = 795F4F412485827600555749 /* Products */;
			projectDirPath = "";
			projectRoot = "";
			targets = (
				795F4F3F2485827600555749 /* WikiWebKIT */,
			);
		};
/* End PBXProject section */

/* Begin PBXResourcesBuildPhase section */
		795F4F3E2485827600555749 /* Resources */ = {
			isa = PBXResourcesBuildPhase;
			buildActionMask = 2147483647;
			files = (
				795F4F502485827800555749 /* LaunchScreen.storyboard in Resources */,
				795F4F4D2485827800555749 /* Assets.xcassets in Resources */,
				795F4F4B2485827600555749 /* Main.storyboard in Resources */,
			);
			runOnlyForDeploymentPostprocessing = 0;
		};
/* End PBXResourcesBuildPhase section */

/* Begin PBXSourcesBuildPhase section */
		795F4F3C2485827600555749 /* Sources */ = {
			isa = PBXSourcesBuildPhase;
			buildActionMask = 2147483647;
			files = (
				795F4F482485827600555749 /* ViewController.swift in Sources */,
				795F4F442485827600555749 /* AppDelegate.swift in Sources */,
				79C63194248597DC00C857F3 /* WebKitViewController.swift in Sources */,
				795F4F462485827600555749 /* SceneDelegate.swift in Sources */,
			);
			runOnlyForDeploymentPostprocessing = 0;
		};
/* End PBXSourcesBuildPhase section */

/* Begin PBXVariantGroup section */
		795F4F492485827600555749 /* Main.storyboard */ = {
			isa = PBXVariantGroup;
			children = (
				795F4F4A2485827600555749 /* Base */,
			);
			name = Main.storyboard;
			sourceTree = "<group>";
		};
		795F4F4E2485827800555749 /* LaunchScreen.storyboard */ = {
			isa = PBXVariantGroup;
			children = (
				795F4F4F2485827800555749 /* Base */,
			);
			name = LaunchScreen.storyboard;
			sourceTree = "<group>";
		};
/* End PBXVariantGroup section */

/* Begin XCBuildConfiguration section */
		795F4F522485827800555749 /* Debug */ = {
			isa = XCBuildConfiguration;
			buildSettings = {
				ALWAYS_SEARCH_USER_PATHS = NO;
				CLANG_ANALYZER_NONNULL = YES;
				CLANG_ANALYZER_NUMBER_OBJECT_CONVERSION = YES_AGGRESSIVE;
				CLANG_CXX_LANGUAGE_STANDARD = "gnu++14";
				CLANG_CXX_LIBRARY = "libc++";
				CLANG_ENABLE_MODULES = YES;
				CLANG_ENABLE_OBJC_ARC = YES;
				CLANG_ENABLE_OBJC_WEAK = YES;
				CLANG_WARN_BLOCK_CAPTURE_AUTORELEASING = YES;
				CLANG_WARN_BOOL_CONVERSION = YES;
				CLANG_WARN_COMMA = YES;
				CLANG_WARN_CONSTANT_CONVERSION = YES;
				CLANG_WARN_DEPRECATED_OBJC_IMPLEMENTATIONS = YES;
				CLANG_WARN_DIRECT_OBJC_ISA_USAGE = YES_ERROR;
				CLANG_WARN_DOCUMENTATION_COMMENTS = YES;
				CLANG_WARN_EMPTY_BODY = YES;
				CLANG_WARN_ENUM_CONVERSION = YES;
				CLANG_WARN_INFINITE_RECURSION = YES;
				CLANG_WARN_INT_CONVERSION = YES;
				CLANG_WARN_NON_LITERAL_NULL_CONVERSION = YES;
				CLANG_WARN_OBJC_IMPLICIT_RETAIN_SELF = YES;
				CLANG_WARN_OBJC_LITERAL_CONVERSION = YES;
				CLANG_WARN_OBJC_ROOT_CLASS = YES_ERROR;
				CLANG_WARN_RANGE_LOOP_ANALYSIS = YES;
				CLANG_WARN_STRICT_PROTOTYPES = YES;
				CLANG_WARN_SUSPICIOUS_MOVE = YES;
				CLANG_WARN_UNGUARDED_AVAILABILITY = YES_AGGRESSIVE;
				CLANG_WARN_UNREACHABLE_CODE = YES;
				CLANG_WARN__DUPLICATE_METHOD_MATCH = YES;
				COPY_PHASE_STRIP = NO;
				DEBUG_INFORMATION_FORMAT = dwarf;
				ENABLE_STRICT_OBJC_MSGSEND = YES;
				ENABLE_TESTABILITY = YES;
				GCC_C_LANGUAGE_STANDARD = gnu11;
				GCC_DYNAMIC_NO_PIC = NO;
				GCC_NO_COMMON_BLOCKS = YES;
				GCC_OPTIMIZATION_LEVEL = 0;
				GCC_PREPROCESSOR_DEFINITIONS = (
					"DEBUG=1",
					"$(inherited)",
				);
				GCC_WARN_64_TO_32_BIT_CONVERSION = YES;
				GCC_WARN_ABOUT_RETURN_TYPE = YES_ERROR;
				GCC_WARN_UNDECLARED_SELECTOR = YES;
				GCC_WARN_UNINITIALIZED_AUTOS = YES_AGGRESSIVE;
				GCC_WARN_UNUSED_FUNCTION = YES;
				GCC_WARN_UNUSED_VARIABLE = YES;
				IPHONEOS_DEPLOYMENT_TARGET = 13.4;
				MTL_ENABLE_DEBUG_INFO = INCLUDE_SOURCE;
				MTL_FAST_MATH = YES;
				ONLY_ACTIVE_ARCH = YES;
				SDKROOT = iphoneos;
				SWIFT_ACTIVE_COMPILATION_CONDITIONS = DEBUG;
				SWIFT_OPTIMIZATION_LEVEL = "-Onone";
			};
			name = Debug;
		};
		795F4F532485827800555749 /* Release */ = {
			isa = XCBuildConfiguration;
			buildSettings = {
				ALWAYS_SEARCH_USER_PATHS = NO;
				CLANG_ANALYZER_NONNULL = YES;
				CLANG_ANALYZER_NUMBER_OBJECT_CONVERSION = YES_AGGRESSIVE;
				CLANG_CXX_LANGUAGE_STANDARD = "gnu++14";
				CLANG_CXX_LIBRARY = "libc++";
				CLANG_ENABLE_MODULES = YES;
				CLANG_ENABLE_OBJC_ARC = YES;
				CLANG_ENABLE_OBJC_WEAK = YES;
				CLANG_WARN_BLOCK_CAPTURE_AUTORELEASING = YES;
				CLANG_WARN_BOOL_CONVERSION = YES;
				CLANG_WARN_COMMA = YES;
				CLANG_WARN_CONSTANT_CONVERSION = YES;
				CLANG_WARN_DEPRECATED_OBJC_IMPLEMENTATIONS = YES;
				CLANG_WARN_DIRECT_OBJC_ISA_USAGE = YES_ERROR;
				CLANG_WARN_DOCUMENTATION_COMMENTS = YES;
				CLANG_WARN_EMPTY_BODY = YES;
				CLANG_WARN_ENUM_CONVERSION = YES;
				CLANG_WARN_INFINITE_RECURSION = YES;
				CLANG_WARN_INT_CONVERSION = YES;
				CLANG_WARN_NON_LITERAL_NULL_CONVERSION = YES;
				CLANG_WARN_OBJC_IMPLICIT_RETAIN_SELF = YES;
				CLANG_WARN_OBJC_LITERAL_CONVERSION = YES;
				CLANG_WARN_OBJC_ROOT_CLASS = YES_ERROR;
				CLANG_WARN_RANGE_LOOP_ANALYSIS = YES;
				CLANG_WARN_STRICT_PROTOTYPES = YES;
				CLANG_WARN_SUSPICIOUS_MOVE = YES;
				CLANG_WARN_UNGUARDED_AVAILABILITY = YES_AGGRESSIVE;
				CLANG_WARN_UNREACHABLE_CODE = YES;
				CLANG_WARN__DUPLICATE_METHOD_MATCH = YES;
				COPY_PHASE_STRIP = NO;
				DEBUG_INFORMATION_FORMAT = "dwarf-with-dsym";
				ENABLE_NS_ASSERTIONS = NO;
				ENABLE_STRICT_OBJC_MSGSEND = YES;
				GCC_C_LANGUAGE_STANDARD = gnu11;
				GCC_NO_COMMON_BLOCKS = YES;
				GCC_WARN_64_TO_32_BIT_CONVERSION = YES;
				GCC_WARN_ABOUT_RETURN_TYPE = YES_ERROR;
				GCC_WARN_UNDECLARED_SELECTOR = YES;
				GCC_WARN_UNINITIALIZED_AUTOS = YES_AGGRESSIVE;
				GCC_WARN_UNUSED_FUNCTION = YES;
				GCC_WARN_UNUSED_VARIABLE = YES;
				IPHONEOS_DEPLOYMENT_TARGET = 13.4;
				MTL_ENABLE_DEBUG_INFO = NO;
				MTL_FAST_MATH = YES;
				SDKROOT = iphoneos;
				SWIFT_COMPILATION_MODE = wholemodule;
				SWIFT_OPTIMIZATION_LEVEL = "-O";
				VALIDATE_PRODUCT = YES;
			};
			name = Release;
		};
		795F4F552485827800555749 /* Debug */ = {
			isa = XCBuildConfiguration;
			buildSettings = {
				ASSETCATALOG_COMPILER_APPICON_NAME = AppIcon;
				CODE_SIGN_STYLE = Automatic;
				DEVELOPMENT_TEAM = D6XYWNGKK3;
				INFOPLIST_FILE = WikiWebKIT/Info.plist;
				LD_RUNPATH_SEARCH_PATHS = (
					"$(inherited)",
					"@executable_path/Frameworks",
				);
				PRODUCT_BUNDLE_IDENTIFIER = com.tommy.1313.valuteConverter.WikiWebKIT;
				PRODUCT_NAME = "$(TARGET_NAME)";
				SWIFT_VERSION = 5.0;
				TARGETED_DEVICE_FAMILY = "1,2";
			};
			name = Debug;
		};
		795F4F562485827800555749 /* Release */ = {
			isa = XCBuildConfiguration;
			buildSettings = {
				ASSETCATALOG_COMPILER_APPICON_NAME = AppIcon;
				CODE_SIGN_STYLE = Automatic;
				DEVELOPMENT_TEAM = D6XYWNGKK3;
				INFOPLIST_FILE = WikiWebKIT/Info.plist;
				LD_RUNPATH_SEARCH_PATHS = (
					"$(inherited)",
					"@executable_path/Frameworks",
				);
				PRODUCT_BUNDLE_IDENTIFIER = com.tommy.1313.valuteConverter.WikiWebKIT;
				PRODUCT_NAME = "$(TARGET_NAME)";
				SWIFT_VERSION = 5.0;
				TARGETED_DEVICE_FAMILY = "1,2";
			};
			name = Release;
		};
/* End XCBuildConfiguration section */

/* Begin XCConfigurationList section */
		795F4F3B2485827600555749 /* Build configuration list for PBXProject "WikiWebKIT" */ = {
			isa = XCConfigurationList;
			buildConfigurations = (
				795F4F522485827800555749 /* Debug */,
				795F4F532485827800555749 /* Release */,
			);
			defaultConfigurationIsVisible = 0;
			defaultConfigurationName = Release;
		};
		795F4F542485827800555749 /* Build configuration list for PBXNativeTarget "WikiWebKIT" */ = {
			isa = XCConfigurationList;
			buildConfigurations = (
				795F4F552485827800555749 /* Debug */,
				795F4F562485827800555749 /* Release */,
			);
			defaultConfigurationIsVisible = 0;
			defaultConfigurationName = Release;
		};
/* End XCConfigurationList section */
	};
	rootObject = 795F4F382485827600555749 /* Project object */;
}
